
Microsoft Visual Studio Solution File, Format Version 12.00
# Visual Studio Version 17
VisualStudioVersion = 17.5.33414.496
MinimumVisualStudioVersion = 10.0.40219.1
Project("{9A19103F-16F7-4668-BE54-9A1E7A4F7556}") = "Apps.MemoQ", "Apps.Memoq\Apps.MemoQ.csproj", "{38216ED3-9402-42CC-AB3F-2D1F2EF89DD8}"
EndProject
Project("{2150E333-8FDC-42A3-9474-1A3956D46DE8}") = "Solution Items", "Solution Items", "{583B7524-6974-4866-B702-3AC277A0C571}"
EndProject
Project("{9A19103F-16F7-4668-BE54-9A1E7A4F7556}") = "Tests.MemoQ", "Tests.MemoQ\Tests.MemoQ.csproj", "{5E432CA7-A616-489A-B152-229694369017}"
EndProject
Global
	GlobalSection(SolutionConfigurationPlatforms) = preSolution
		Debug|Any CPU = Debug|Any CPU
		Release|Any CPU = Release|Any CPU
	EndGlobalSection
	GlobalSection(ProjectConfigurationPlatforms) = postSolution
		{38216ED3-9402-42CC-AB3F-2D1F2EF89DD8}.Debug|Any CPU.ActiveCfg = Debug|Any CPU
		{38216ED3-9402-42CC-AB3F-2D1F2EF89DD8}.Debug|Any CPU.Build.0 = Debug|Any CPU
		{38216ED3-9402-42CC-AB3F-2D1F2EF89DD8}.Release|Any CPU.ActiveCfg = Release|Any CPU
		{38216ED3-9402-42CC-AB3F-2D1F2EF89DD8}.Release|Any CPU.Build.0 = Release|Any CPU
		{5E432CA7-A616-489A-B152-229694369017}.Debug|Any CPU.ActiveCfg = Debug|Any CPU
		{5E432CA7-A616-489A-B152-229694369017}.Debug|Any CPU.Build.0 = Debug|Any CPU
		{5E432CA7-A616-489A-B152-229694369017}.Release|Any CPU.ActiveCfg = Release|Any CPU
		{5E432CA7-A616-489A-B152-229694369017}.Release|Any CPU.Build.0 = Release|Any CPU
	EndGlobalSection
	GlobalSection(SolutionProperties) = preSolution
		HideSolutionNode = FALSE
	EndGlobalSection
	GlobalSection(ExtensibilityGlobals) = postSolution
		SolutionGuid = {602A8701-F8EF-4E70-A22A-C0939FBD07CA}
	EndGlobalSection
EndGlobal
