
Microsoft Visual Studio Solution File, Format Version 12.00
# Visual Studio Version 17
VisualStudioVersion = 17.5.33414.496
MinimumVisualStudioVersion = 10.0.40219.1
Project("{9A19103F-16F7-4668-BE54-9A1E7A4F7556}") = "Apps.MemoQ", "Apps.Memoq\Apps.MemoQ.csproj", "{38216ED3-9402-42CC-AB3F-2D1F2EF89DD8}"
EndProject
Project("{FAE04EC0-301F-11D3-BF4B-00C04F79EFBC}") = "ConsoleApp1", "ConsoleApp1\ConsoleApp1.csproj", "{E199847B-7911-458F-BC23-426E65F885EB}"
EndProject
Global
	GlobalSection(SolutionConfigurationPlatforms) = preSolution
		Debug|Any CPU = Debug|Any CPU
		Release|Any CPU = Release|Any CPU
	EndGlobalSection
	GlobalSection(ProjectConfigurationPlatforms) = postSolution
		{38216ED3-9402-42CC-AB3F-2D1F2EF89DD8}.Debug|Any CPU.ActiveCfg = Debug|Any CPU
		{38216ED3-9402-42CC-AB3F-2D1F2EF89DD8}.Debug|Any CPU.Build.0 = Debug|Any CPU
		{38216ED3-9402-42CC-AB3F-2D1F2EF89DD8}.Release|Any CPU.ActiveCfg = Release|Any CPU
		{38216ED3-9402-42CC-AB3F-2D1F2EF89DD8}.Release|Any CPU.Build.0 = Release|Any CPU
		{E199847B-7911-458F-BC23-426E65F885EB}.Debug|Any CPU.ActiveCfg = Debug|Any CPU
		{E199847B-7911-458F-BC23-426E65F885EB}.Debug|Any CPU.Build.0 = Debug|Any CPU
		{E199847B-7911-458F-BC23-426E65F885EB}.Release|Any CPU.ActiveCfg = Release|Any CPU
		{E199847B-7911-458F-BC23-426E65F885EB}.Release|Any CPU.Build.0 = Release|Any CPU
	EndGlobalSection
	GlobalSection(SolutionProperties) = preSolution
		HideSolutionNode = FALSE
	EndGlobalSection
	GlobalSection(ExtensibilityGlobals) = postSolution
		SolutionGuid = {602A8701-F8EF-4E70-A22A-C0939FBD07CA}
	EndGlobalSection
EndGlobal
